
Microsoft Visual Studio Solution File, Format Version 12.00
# Visual Studio Version 17
VisualStudioVersion = 17.0.32014.148
MinimumVisualStudioVersion = 10.0.40219.1
Project("{FAE04EC0-301F-11D3-BF4B-00C04F79EFBC}") = "API", "API\API.csproj", "{7521DA4D-2F1C-4E51-8F8D-853D83C5059F}"
EndProject
Project("{FAE04EC0-301F-11D3-BF4B-00C04F79EFBC}") = "Infrastructure", "Infrastructure\Infrastructure.csproj", "{A3FB695A-8C93-4D3C-8F69-D5E67DB71180}"
EndProject
Project("{FAE04EC0-301F-11D3-BF4B-00C04F79EFBC}") = "Core", "Core\Core.csproj", "{31CA57F8-841F-44BA-A325-BB0EFC5B279F}"
EndProject
Global
	GlobalSection(SolutionConfigurationPlatforms) = preSolution
		Debug|Any CPU = Debug|Any CPU
		Release|Any CPU = Release|Any CPU
	EndGlobalSection
	GlobalSection(ProjectConfigurationPlatforms) = postSolution
		{7521DA4D-2F1C-4E51-8F8D-853D83C5059F}.Debug|Any CPU.ActiveCfg = Debug|Any CPU
		{7521DA4D-2F1C-4E51-8F8D-853D83C5059F}.Debug|Any CPU.Build.0 = Debug|Any CPU
		{7521DA4D-2F1C-4E51-8F8D-853D83C5059F}.Release|Any CPU.ActiveCfg = Release|Any CPU
		{7521DA4D-2F1C-4E51-8F8D-853D83C5059F}.Release|Any CPU.Build.0 = Release|Any CPU
		{A3FB695A-8C93-4D3C-8F69-D5E67DB71180}.Debug|Any CPU.ActiveCfg = Debug|Any CPU
		{A3FB695A-8C93-4D3C-8F69-D5E67DB71180}.Debug|Any CPU.Build.0 = Debug|Any CPU
		{A3FB695A-8C93-4D3C-8F69-D5E67DB71180}.Release|Any CPU.ActiveCfg = Release|Any CPU
		{A3FB695A-8C93-4D3C-8F69-D5E67DB71180}.Release|Any CPU.Build.0 = Release|Any CPU
		{31CA57F8-841F-44BA-A325-BB0EFC5B279F}.Debug|Any CPU.ActiveCfg = Debug|Any CPU
		{31CA57F8-841F-44BA-A325-BB0EFC5B279F}.Debug|Any CPU.Build.0 = Debug|Any CPU
		{31CA57F8-841F-44BA-A325-BB0EFC5B279F}.Release|Any CPU.ActiveCfg = Release|Any CPU
		{31CA57F8-841F-44BA-A325-BB0EFC5B279F}.Release|Any CPU.Build.0 = Release|Any CPU
	EndGlobalSection
	GlobalSection(SolutionProperties) = preSolution
		HideSolutionNode = FALSE
	EndGlobalSection
	GlobalSection(ExtensibilityGlobals) = postSolution
		SolutionGuid = {955DD7BB-2916-4EDA-9EB9-23DF93CAADC2}
	EndGlobalSection
EndGlobal
